
Microsoft Visual Studio Solution File, Format Version 12.00
# Visual Studio Version 16
VisualStudioVersion = 16.0.30907.101
MinimumVisualStudioVersion = 10.0.40219.1
Project("{9A19103F-16F7-4668-BE54-9A1E7A4F7556}") = "ClassMetotDemo", "ClassMetotDemo\ClassMetotDemo.csproj", "{61FB3C95-39A5-43B1-9C28-2CCC0B7BD9F2}"
EndProject
Project("{9A19103F-16F7-4668-BE54-9A1E7A4F7556}") = "OOP1", "OOP1\OOP1.csproj", "{9A0DB42C-30E4-4EB2-8F69-E1AF7822672B}"
EndProject
Project("{9A19103F-16F7-4668-BE54-9A1E7A4F7556}") = "Koleysiyonlar", "Koleysiyonlar\Koleysiyonlar.csproj", "{73C481C8-FC76-4807-81D8-7F2956803F71}"
EndProject
Project("{9A19103F-16F7-4668-BE54-9A1E7A4F7556}") = "GenericsIntro", "GenericsIntro\GenericsIntro.csproj", "{58B320DB-2760-4750-B3D0-4C64ED4259F1}"
EndProject
Project("{9A19103F-16F7-4668-BE54-9A1E7A4F7556}") = "HW", "HW\HW.csproj", "{4699B3F4-82B5-42F8-8A88-A189814AFB39}"
EndProject
Project("{9A19103F-16F7-4668-BE54-9A1E7A4F7556}") = "OOP2", "OOP2\OOP2.csproj", "{EC832238-3306-4308-8184-CF3BBC43E20F}"
EndProject
Project("{9A19103F-16F7-4668-BE54-9A1E7A4F7556}") = "OOP3", "OOP3\OOP3.csproj", "{089A0DDD-5ABA-41D6-A3F3-F15CBBA82208}"
EndProject
Project("{FAE04EC0-301F-11D3-BF4B-00C04F79EFBC}") = "HW2", "HW2\HW2.csproj", "{5D4DBAFE-BD68-4F63-8748-9F47AA2D7A68}"
EndProject
Project("{FAE04EC0-301F-11D3-BF4B-00C04F79EFBC}") = "calısmalanı", "calısmalanı\calısmalanı.csproj", "{6230E769-680B-4E5B-B721-47502DB9D966}"
EndProject
Global
	GlobalSection(SolutionConfigurationPlatforms) = preSolution
		Debug|Any CPU = Debug|Any CPU
		Release|Any CPU = Release|Any CPU
	EndGlobalSection
	GlobalSection(ProjectConfigurationPlatforms) = postSolution
		{61FB3C95-39A5-43B1-9C28-2CCC0B7BD9F2}.Debug|Any CPU.ActiveCfg = Debug|Any CPU
		{61FB3C95-39A5-43B1-9C28-2CCC0B7BD9F2}.Debug|Any CPU.Build.0 = Debug|Any CPU
		{61FB3C95-39A5-43B1-9C28-2CCC0B7BD9F2}.Release|Any CPU.ActiveCfg = Release|Any CPU
		{61FB3C95-39A5-43B1-9C28-2CCC0B7BD9F2}.Release|Any CPU.Build.0 = Release|Any CPU
		{9A0DB42C-30E4-4EB2-8F69-E1AF7822672B}.Debug|Any CPU.ActiveCfg = Debug|Any CPU
		{9A0DB42C-30E4-4EB2-8F69-E1AF7822672B}.Debug|Any CPU.Build.0 = Debug|Any CPU
		{9A0DB42C-30E4-4EB2-8F69-E1AF7822672B}.Release|Any CPU.ActiveCfg = Release|Any CPU
		{9A0DB42C-30E4-4EB2-8F69-E1AF7822672B}.Release|Any CPU.Build.0 = Release|Any CPU
		{73C481C8-FC76-4807-81D8-7F2956803F71}.Debug|Any CPU.ActiveCfg = Debug|Any CPU
		{73C481C8-FC76-4807-81D8-7F2956803F71}.Debug|Any CPU.Build.0 = Debug|Any CPU
		{73C481C8-FC76-4807-81D8-7F2956803F71}.Release|Any CPU.ActiveCfg = Release|Any CPU
		{73C481C8-FC76-4807-81D8-7F2956803F71}.Release|Any CPU.Build.0 = Release|Any CPU
		{58B320DB-2760-4750-B3D0-4C64ED4259F1}.Debug|Any CPU.ActiveCfg = Debug|Any CPU
		{58B320DB-2760-4750-B3D0-4C64ED4259F1}.Debug|Any CPU.Build.0 = Debug|Any CPU
		{58B320DB-2760-4750-B3D0-4C64ED4259F1}.Release|Any CPU.ActiveCfg = Release|Any CPU
		{58B320DB-2760-4750-B3D0-4C64ED4259F1}.Release|Any CPU.Build.0 = Release|Any CPU
		{4699B3F4-82B5-42F8-8A88-A189814AFB39}.Debug|Any CPU.ActiveCfg = Debug|Any CPU
		{4699B3F4-82B5-42F8-8A88-A189814AFB39}.Debug|Any CPU.Build.0 = Debug|Any CPU
		{4699B3F4-82B5-42F8-8A88-A189814AFB39}.Release|Any CPU.ActiveCfg = Release|Any CPU
		{4699B3F4-82B5-42F8-8A88-A189814AFB39}.Release|Any CPU.Build.0 = Release|Any CPU
		{EC832238-3306-4308-8184-CF3BBC43E20F}.Debug|Any CPU.ActiveCfg = Debug|Any CPU
		{EC832238-3306-4308-8184-CF3BBC43E20F}.Debug|Any CPU.Build.0 = Debug|Any CPU
		{EC832238-3306-4308-8184-CF3BBC43E20F}.Release|Any CPU.ActiveCfg = Release|Any CPU
		{EC832238-3306-4308-8184-CF3BBC43E20F}.Release|Any CPU.Build.0 = Release|Any CPU
		{089A0DDD-5ABA-41D6-A3F3-F15CBBA82208}.Debug|Any CPU.ActiveCfg = Debug|Any CPU
		{089A0DDD-5ABA-41D6-A3F3-F15CBBA82208}.Debug|Any CPU.Build.0 = Debug|Any CPU
		{089A0DDD-5ABA-41D6-A3F3-F15CBBA82208}.Release|Any CPU.ActiveCfg = Release|Any CPU
		{089A0DDD-5ABA-41D6-A3F3-F15CBBA82208}.Release|Any CPU.Build.0 = Release|Any CPU
		{5D4DBAFE-BD68-4F63-8748-9F47AA2D7A68}.Debug|Any CPU.ActiveCfg = Debug|Any CPU
		{5D4DBAFE-BD68-4F63-8748-9F47AA2D7A68}.Debug|Any CPU.Build.0 = Debug|Any CPU
		{5D4DBAFE-BD68-4F63-8748-9F47AA2D7A68}.Release|Any CPU.ActiveCfg = Release|Any CPU
		{5D4DBAFE-BD68-4F63-8748-9F47AA2D7A68}.Release|Any CPU.Build.0 = Release|Any CPU
		{6230E769-680B-4E5B-B721-47502DB9D966}.Debug|Any CPU.ActiveCfg = Debug|Any CPU
		{6230E769-680B-4E5B-B721-47502DB9D966}.Debug|Any CPU.Build.0 = Debug|Any CPU
		{6230E769-680B-4E5B-B721-47502DB9D966}.Release|Any CPU.ActiveCfg = Release|Any CPU
		{6230E769-680B-4E5B-B721-47502DB9D966}.Release|Any CPU.Build.0 = Release|Any CPU
	EndGlobalSection
	GlobalSection(SolutionProperties) = preSolution
		HideSolutionNode = FALSE
	EndGlobalSection
	GlobalSection(ExtensibilityGlobals) = postSolution
		SolutionGuid = {8AB4DC50-9B51-44C6-AF02-4A43AFD5B56A}
	EndGlobalSection
EndGlobal
